
Microsoft Visual Studio Solution File, Format Version 12.00
# Visual Studio 15
Project("{FAE04EC0-301F-11D3-BF4B-00C04F79EFBC}") = "adamBrittain_cab301_assignment", "adamBrittain_cab301_assignment\adamBrittain_cab301_assignment.csproj", "{0A3E684C-5E1F-4B78-88A6-5AF5A4EA475E}"
EndProject
Global
	GlobalSection(SolutionConfigurationPlatforms) = preSolution
		Debug|Any CPU = Debug|Any CPU
		Release|Any CPU = Release|Any CPU
	EndGlobalSection
	GlobalSection(ProjectConfigurationPlatforms) = postSolution
		{0A3E684C-5E1F-4B78-88A6-5AF5A4EA475E}.Debug|Any CPU.ActiveCfg = Debug|Any CPU
		{0A3E684C-5E1F-4B78-88A6-5AF5A4EA475E}.Debug|Any CPU.Build.0 = Debug|Any CPU
		{0A3E684C-5E1F-4B78-88A6-5AF5A4EA475E}.Release|Any CPU.ActiveCfg = Release|Any CPU
		{0A3E684C-5E1F-4B78-88A6-5AF5A4EA475E}.Release|Any CPU.Build.0 = Release|Any CPU
	EndGlobalSection
EndGlobal
